
Microsoft Visual Studio Solution File, Format Version 12.00
# Visual Studio 15
Project("{FAE04EC0-301F-11D3-BF4B-00C04F79EFBC}") = "Assembly-CSharp", "Assembly-CSharp.csproj", "{9BCE76EB-E16D-6F7E-7435-B58F42A9E1D2}"
EndProject
Project("{FAE04EC0-301F-11D3-BF4B-00C04F79EFBC}") = "VRM", "VRM.csproj", "{0B5AA009-A338-5527-43E9-B3276D5029BA}"
EndProject
Project("{FAE04EC0-301F-11D3-BF4B-00C04F79EFBC}") = "UniGLTF", "UniGLTF.csproj", "{2010A6A1-3F6B-B9E8-9DFE-95B58DCCDA8D}"
EndProject
Project("{FAE04EC0-301F-11D3-BF4B-00C04F79EFBC}") = "VRMShaders.GLTF.IO.Runtime", "VRMShaders.GLTF.IO.Runtime.csproj", "{E8591B37-25E7-C4AE-63BE-1671B6717973}"
EndProject
Project("{FAE04EC0-301F-11D3-BF4B-00C04F79EFBC}") = "NavMeshComponents", "NavMeshComponents.csproj", "{49E9BAF8-E938-4138-2C6B-8BA105104F3D}"
EndProject
Project("{FAE04EC0-301F-11D3-BF4B-00C04F79EFBC}") = "MToon", "MToon.csproj", "{B3FF6E3F-6634-0874-272D-C615A689E837}"
EndProject
Project("{FAE04EC0-301F-11D3-BF4B-00C04F79EFBC}") = "UniHumanoid", "UniHumanoid.csproj", "{522E4709-9B56-97CB-17E1-3B986C84BBFD}"
EndProject
Project("{FAE04EC0-301F-11D3-BF4B-00C04F79EFBC}") = "VRMShaders.VRM.IO.Runtime", "VRMShaders.VRM.IO.Runtime.csproj", "{2B35274E-BC3B-3626-E904-4D86147276DE}"
EndProject
Project("{FAE04EC0-301F-11D3-BF4B-00C04F79EFBC}") = "VRMShaders.GLTF.UniUnlit.Runtime", "VRMShaders.GLTF.UniUnlit.Runtime.csproj", "{46B94CF9-F6F4-3C89-A389-C238FFD73BC2}"
EndProject
Project("{FAE04EC0-301F-11D3-BF4B-00C04F79EFBC}") = "VRMShaders.VRM10.Format.Runtime", "VRMShaders.VRM10.Format.Runtime.csproj", "{52E62CF0-45EF-97B9-7A76-B2694DFD90E4}"
EndProject
Project("{FAE04EC0-301F-11D3-BF4B-00C04F79EFBC}") = "UniVRM.Editor", "UniVRM.Editor.csproj", "{D4171CA7-C4CA-931F-D6D9-5769F78FF57B}"
EndProject
Project("{FAE04EC0-301F-11D3-BF4B-00C04F79EFBC}") = "UniGLTF.Editor", "UniGLTF.Editor.csproj", "{5F8119D1-D782-A811-FFF4-1E2A48488B4D}"
EndProject
Project("{FAE04EC0-301F-11D3-BF4B-00C04F79EFBC}") = "NavMeshComponentsEditor", "NavMeshComponentsEditor.csproj", "{EF5FE35A-1284-169D-9433-F828B37E706F}"
EndProject
Project("{FAE04EC0-301F-11D3-BF4B-00C04F79EFBC}") = "VRM.Tests", "VRM.Tests.csproj", "{A782F442-2336-BBE9-8C8A-AA2C8ADB9DA8}"
EndProject
Project("{FAE04EC0-301F-11D3-BF4B-00C04F79EFBC}") = "UniHumanoid.Editor", "UniHumanoid.Editor.csproj", "{97AF6592-34C7-7CB3-2575-7BDF1F256CF5}"
EndProject
Project("{FAE04EC0-301F-11D3-BF4B-00C04F79EFBC}") = "UniGLTF.Tests", "UniGLTF.Tests.csproj", "{70E27D2B-3ED0-9CFB-05B5-2ACC959ADF16}"
EndProject
Project("{FAE04EC0-301F-11D3-BF4B-00C04F79EFBC}") = "VRMShaders.GLTF.UniUnlit.Editor", "VRMShaders.GLTF.UniUnlit.Editor.csproj", "{0AE4FF2E-6A14-7BCD-23D1-0B18CC431EB7}"
EndProject
Project("{FAE04EC0-301F-11D3-BF4B-00C04F79EFBC}") = "VRMShaders.GLTF.IO.Editor", "VRMShaders.GLTF.IO.Editor.csproj", "{C1C078FF-6776-40A5-92DD-ED6B401A6341}"
EndProject
Project("{FAE04EC0-301F-11D3-BF4B-00C04F79EFBC}") = "Assembly-CSharp-Editor", "Assembly-CSharp-Editor.csproj", "{D2DF9F95-9C20-4945-E16A-7E09D4539AA4}"
EndProject
Project("{FAE04EC0-301F-11D3-BF4B-00C04F79EFBC}") = "VRMShaders.VRM.IO.Editor", "VRMShaders.VRM.IO.Editor.csproj", "{5E0C7740-1A33-F66E-840E-48E5396DAF86}"
EndProject
Project("{FAE04EC0-301F-11D3-BF4B-00C04F79EFBC}") = "MToon.Editor", "MToon.Editor.csproj", "{749C1CAE-C473-51B3-833B-12F700D831B5}"
EndProject
Project("{FAE04EC0-301F-11D3-BF4B-00C04F79EFBC}") = "VRMShaders.GLTF.IO.Tests", "VRMShaders.GLTF.IO.Tests.csproj", "{19D89007-9619-2B68-F782-EC50BE30C5FE}"
EndProject
Project("{FAE04EC0-301F-11D3-BF4B-00C04F79EFBC}") = "UniHumanoid.Editor.Tests", "UniHumanoid.Editor.Tests.csproj", "{A180B3CE-BC98-A056-DEFB-388AD699A062}"
EndProject
Global
	GlobalSection(SolutionConfigurationPlatforms) = preSolution
		Debug|Any CPU = Debug|Any CPU
		Release|Any CPU = Release|Any CPU
	EndGlobalSection
	GlobalSection(ProjectConfigurationPlatforms) = postSolution
		{9BCE76EB-E16D-6F7E-7435-B58F42A9E1D2}.Debug|Any CPU.ActiveCfg = Debug|Any CPU
		{9BCE76EB-E16D-6F7E-7435-B58F42A9E1D2}.Debug|Any CPU.Build.0 = Debug|Any CPU
		{9BCE76EB-E16D-6F7E-7435-B58F42A9E1D2}.Release|Any CPU.ActiveCfg = Release|Any CPU
		{9BCE76EB-E16D-6F7E-7435-B58F42A9E1D2}.Release|Any CPU.Build.0 = Release|Any CPU
		{0B5AA009-A338-5527-43E9-B3276D5029BA}.Debug|Any CPU.ActiveCfg = Debug|Any CPU
		{0B5AA009-A338-5527-43E9-B3276D5029BA}.Debug|Any CPU.Build.0 = Debug|Any CPU
		{0B5AA009-A338-5527-43E9-B3276D5029BA}.Release|Any CPU.ActiveCfg = Release|Any CPU
		{0B5AA009-A338-5527-43E9-B3276D5029BA}.Release|Any CPU.Build.0 = Release|Any CPU
		{2010A6A1-3F6B-B9E8-9DFE-95B58DCCDA8D}.Debug|Any CPU.ActiveCfg = Debug|Any CPU
		{2010A6A1-3F6B-B9E8-9DFE-95B58DCCDA8D}.Debug|Any CPU.Build.0 = Debug|Any CPU
		{2010A6A1-3F6B-B9E8-9DFE-95B58DCCDA8D}.Release|Any CPU.ActiveCfg = Release|Any CPU
		{2010A6A1-3F6B-B9E8-9DFE-95B58DCCDA8D}.Release|Any CPU.Build.0 = Release|Any CPU
		{E8591B37-25E7-C4AE-63BE-1671B6717973}.Debug|Any CPU.ActiveCfg = Debug|Any CPU
		{E8591B37-25E7-C4AE-63BE-1671B6717973}.Debug|Any CPU.Build.0 = Debug|Any CPU
		{E8591B37-25E7-C4AE-63BE-1671B6717973}.Release|Any CPU.ActiveCfg = Release|Any CPU
		{E8591B37-25E7-C4AE-63BE-1671B6717973}.Release|Any CPU.Build.0 = Release|Any CPU
		{49E9BAF8-E938-4138-2C6B-8BA105104F3D}.Debug|Any CPU.ActiveCfg = Debug|Any CPU
		{49E9BAF8-E938-4138-2C6B-8BA105104F3D}.Debug|Any CPU.Build.0 = Debug|Any CPU
		{49E9BAF8-E938-4138-2C6B-8BA105104F3D}.Release|Any CPU.ActiveCfg = Release|Any CPU
		{49E9BAF8-E938-4138-2C6B-8BA105104F3D}.Release|Any CPU.Build.0 = Release|Any CPU
		{B3FF6E3F-6634-0874-272D-C615A689E837}.Debug|Any CPU.ActiveCfg = Debug|Any CPU
		{B3FF6E3F-6634-0874-272D-C615A689E837}.Debug|Any CPU.Build.0 = Debug|Any CPU
		{B3FF6E3F-6634-0874-272D-C615A689E837}.Release|Any CPU.ActiveCfg = Release|Any CPU
		{B3FF6E3F-6634-0874-272D-C615A689E837}.Release|Any CPU.Build.0 = Release|Any CPU
		{522E4709-9B56-97CB-17E1-3B986C84BBFD}.Debug|Any CPU.ActiveCfg = Debug|Any CPU
		{522E4709-9B56-97CB-17E1-3B986C84BBFD}.Debug|Any CPU.Build.0 = Debug|Any CPU
		{522E4709-9B56-97CB-17E1-3B986C84BBFD}.Release|Any CPU.ActiveCfg = Release|Any CPU
		{522E4709-9B56-97CB-17E1-3B986C84BBFD}.Release|Any CPU.Build.0 = Release|Any CPU
		{2B35274E-BC3B-3626-E904-4D86147276DE}.Debug|Any CPU.ActiveCfg = Debug|Any CPU
		{2B35274E-BC3B-3626-E904-4D86147276DE}.Debug|Any CPU.Build.0 = Debug|Any CPU
		{2B35274E-BC3B-3626-E904-4D86147276DE}.Release|Any CPU.ActiveCfg = Release|Any CPU
		{2B35274E-BC3B-3626-E904-4D86147276DE}.Release|Any CPU.Build.0 = Release|Any CPU
		{46B94CF9-F6F4-3C89-A389-C238FFD73BC2}.Debug|Any CPU.ActiveCfg = Debug|Any CPU
		{46B94CF9-F6F4-3C89-A389-C238FFD73BC2}.Debug|Any CPU.Build.0 = Debug|Any CPU
		{46B94CF9-F6F4-3C89-A389-C238FFD73BC2}.Release|Any CPU.ActiveCfg = Release|Any CPU
		{46B94CF9-F6F4-3C89-A389-C238FFD73BC2}.Release|Any CPU.Build.0 = Release|Any CPU
		{52E62CF0-45EF-97B9-7A76-B2694DFD90E4}.Debug|Any CPU.ActiveCfg = Debug|Any CPU
		{52E62CF0-45EF-97B9-7A76-B2694DFD90E4}.Debug|Any CPU.Build.0 = Debug|Any CPU
		{52E62CF0-45EF-97B9-7A76-B2694DFD90E4}.Release|Any CPU.ActiveCfg = Release|Any CPU
		{52E62CF0-45EF-97B9-7A76-B2694DFD90E4}.Release|Any CPU.Build.0 = Release|Any CPU
		{D4171CA7-C4CA-931F-D6D9-5769F78FF57B}.Debug|Any CPU.ActiveCfg = Debug|Any CPU
		{D4171CA7-C4CA-931F-D6D9-5769F78FF57B}.Debug|Any CPU.Build.0 = Debug|Any CPU
		{D4171CA7-C4CA-931F-D6D9-5769F78FF57B}.Release|Any CPU.ActiveCfg = Release|Any CPU
		{D4171CA7-C4CA-931F-D6D9-5769F78FF57B}.Release|Any CPU.Build.0 = Release|Any CPU
		{5F8119D1-D782-A811-FFF4-1E2A48488B4D}.Debug|Any CPU.ActiveCfg = Debug|Any CPU
		{5F8119D1-D782-A811-FFF4-1E2A48488B4D}.Debug|Any CPU.Build.0 = Debug|Any CPU
		{5F8119D1-D782-A811-FFF4-1E2A48488B4D}.Release|Any CPU.ActiveCfg = Release|Any CPU
		{5F8119D1-D782-A811-FFF4-1E2A48488B4D}.Release|Any CPU.Build.0 = Release|Any CPU
		{EF5FE35A-1284-169D-9433-F828B37E706F}.Debug|Any CPU.ActiveCfg = Debug|Any CPU
		{EF5FE35A-1284-169D-9433-F828B37E706F}.Debug|Any CPU.Build.0 = Debug|Any CPU
		{EF5FE35A-1284-169D-9433-F828B37E706F}.Release|Any CPU.ActiveCfg = Release|Any CPU
		{EF5FE35A-1284-169D-9433-F828B37E706F}.Release|Any CPU.Build.0 = Release|Any CPU
		{A782F442-2336-BBE9-8C8A-AA2C8ADB9DA8}.Debug|Any CPU.ActiveCfg = Debug|Any CPU
		{A782F442-2336-BBE9-8C8A-AA2C8ADB9DA8}.Debug|Any CPU.Build.0 = Debug|Any CPU
		{A782F442-2336-BBE9-8C8A-AA2C8ADB9DA8}.Release|Any CPU.ActiveCfg = Release|Any CPU
		{A782F442-2336-BBE9-8C8A-AA2C8ADB9DA8}.Release|Any CPU.Build.0 = Release|Any CPU
		{97AF6592-34C7-7CB3-2575-7BDF1F256CF5}.Debug|Any CPU.ActiveCfg = Debug|Any CPU
		{97AF6592-34C7-7CB3-2575-7BDF1F256CF5}.Debug|Any CPU.Build.0 = Debug|Any CPU
		{97AF6592-34C7-7CB3-2575-7BDF1F256CF5}.Release|Any CPU.ActiveCfg = Release|Any CPU
		{97AF6592-34C7-7CB3-2575-7BDF1F256CF5}.Release|Any CPU.Build.0 = Release|Any CPU
		{70E27D2B-3ED0-9CFB-05B5-2ACC959ADF16}.Debug|Any CPU.ActiveCfg = Debug|Any CPU
		{70E27D2B-3ED0-9CFB-05B5-2ACC959ADF16}.Debug|Any CPU.Build.0 = Debug|Any CPU
		{70E27D2B-3ED0-9CFB-05B5-2ACC959ADF16}.Release|Any CPU.ActiveCfg = Release|Any CPU
		{70E27D2B-3ED0-9CFB-05B5-2ACC959ADF16}.Release|Any CPU.Build.0 = Release|Any CPU
		{0AE4FF2E-6A14-7BCD-23D1-0B18CC431EB7}.Debug|Any CPU.ActiveCfg = Debug|Any CPU
		{0AE4FF2E-6A14-7BCD-23D1-0B18CC431EB7}.Debug|Any CPU.Build.0 = Debug|Any CPU
		{0AE4FF2E-6A14-7BCD-23D1-0B18CC431EB7}.Release|Any CPU.ActiveCfg = Release|Any CPU
		{0AE4FF2E-6A14-7BCD-23D1-0B18CC431EB7}.Release|Any CPU.Build.0 = Release|Any CPU
		{C1C078FF-6776-40A5-92DD-ED6B401A6341}.Debug|Any CPU.ActiveCfg = Debug|Any CPU
		{C1C078FF-6776-40A5-92DD-ED6B401A6341}.Debug|Any CPU.Build.0 = Debug|Any CPU
		{C1C078FF-6776-40A5-92DD-ED6B401A6341}.Release|Any CPU.ActiveCfg = Release|Any CPU
		{C1C078FF-6776-40A5-92DD-ED6B401A6341}.Release|Any CPU.Build.0 = Release|Any CPU
		{D2DF9F95-9C20-4945-E16A-7E09D4539AA4}.Debug|Any CPU.ActiveCfg = Debug|Any CPU
		{D2DF9F95-9C20-4945-E16A-7E09D4539AA4}.Debug|Any CPU.Build.0 = Debug|Any CPU
		{D2DF9F95-9C20-4945-E16A-7E09D4539AA4}.Release|Any CPU.ActiveCfg = Release|Any CPU
		{D2DF9F95-9C20-4945-E16A-7E09D4539AA4}.Release|Any CPU.Build.0 = Release|Any CPU
		{5E0C7740-1A33-F66E-840E-48E5396DAF86}.Debug|Any CPU.ActiveCfg = Debug|Any CPU
		{5E0C7740-1A33-F66E-840E-48E5396DAF86}.Debug|Any CPU.Build.0 = Debug|Any CPU
		{5E0C7740-1A33-F66E-840E-48E5396DAF86}.Release|Any CPU.ActiveCfg = Release|Any CPU
		{5E0C7740-1A33-F66E-840E-48E5396DAF86}.Release|Any CPU.Build.0 = Release|Any CPU
		{749C1CAE-C473-51B3-833B-12F700D831B5}.Debug|Any CPU.ActiveCfg = Debug|Any CPU
		{749C1CAE-C473-51B3-833B-12F700D831B5}.Debug|Any CPU.Build.0 = Debug|Any CPU
		{749C1CAE-C473-51B3-833B-12F700D831B5}.Release|Any CPU.ActiveCfg = Release|Any CPU
		{749C1CAE-C473-51B3-833B-12F700D831B5}.Release|Any CPU.Build.0 = Release|Any CPU
		{19D89007-9619-2B68-F782-EC50BE30C5FE}.Debug|Any CPU.ActiveCfg = Debug|Any CPU
		{19D89007-9619-2B68-F782-EC50BE30C5FE}.Debug|Any CPU.Build.0 = Debug|Any CPU
		{19D89007-9619-2B68-F782-EC50BE30C5FE}.Release|Any CPU.ActiveCfg = Release|Any CPU
		{19D89007-9619-2B68-F782-EC50BE30C5FE}.Release|Any CPU.Build.0 = Release|Any CPU
		{A180B3CE-BC98-A056-DEFB-388AD699A062}.Debug|Any CPU.ActiveCfg = Debug|Any CPU
		{A180B3CE-BC98-A056-DEFB-388AD699A062}.Debug|Any CPU.Build.0 = Debug|Any CPU
		{A180B3CE-BC98-A056-DEFB-388AD699A062}.Release|Any CPU.ActiveCfg = Release|Any CPU
		{A180B3CE-BC98-A056-DEFB-388AD699A062}.Release|Any CPU.Build.0 = Release|Any CPU
	EndGlobalSection
	GlobalSection(SolutionProperties) = preSolution
		HideSolutionNode = FALSE
	EndGlobalSection
EndGlobal
